
Microsoft Visual Studio Solution File, Format Version 12.00
# Visual Studio Version 16
VisualStudioVersion = 16.0.29519.181
MinimumVisualStudioVersion = 10.0.40219.1
Project("{FAE04EC0-301F-11D3-BF4B-00C04F79EFBC}") = "CoreWebApiApplication1", "CoreWebApiApplication1.csproj", "{0C3901F6-BCFF-43FF-99C1-730BD1C77EE9}"
EndProject
Global
	GlobalSection(SolutionConfigurationPlatforms) = preSolution
		Debug|Any CPU = Debug|Any CPU
		Release|Any CPU = Release|Any CPU
	EndGlobalSection
	GlobalSection(ProjectConfigurationPlatforms) = postSolution
		{0C3901F6-BCFF-43FF-99C1-730BD1C77EE9}.Debug|Any CPU.ActiveCfg = Debug|Any CPU
		{0C3901F6-BCFF-43FF-99C1-730BD1C77EE9}.Debug|Any CPU.Build.0 = Debug|Any CPU
		{0C3901F6-BCFF-43FF-99C1-730BD1C77EE9}.Release|Any CPU.ActiveCfg = Release|Any CPU
		{0C3901F6-BCFF-43FF-99C1-730BD1C77EE9}.Release|Any CPU.Build.0 = Release|Any CPU
	EndGlobalSection
	GlobalSection(SolutionProperties) = preSolution
		HideSolutionNode = FALSE
	EndGlobalSection
	GlobalSection(ExtensibilityGlobals) = postSolution
		SolutionGuid = {E7C93527-E3B4-4767-9D62-EB81AE8AD28E}
	EndGlobalSection
EndGlobal
